
Microsoft Visual Studio Solution File, Format Version 12.00
# Visual Studio Version 17
VisualStudioVersion = 17.13.35828.75 d17.13
MinimumVisualStudioVersion = 10.0.40219.1
Project("{FAE04EC0-301F-11D3-BF4B-00C04F79EFBC}") = "DiegoProjectServer", "DiegoProjectServer\DiegoProjectServer.csproj", "{358EDDB6-76DE-4B30-9B5B-D5F6AB865AB3}"
EndProject
Project("{FAE04EC0-301F-11D3-BF4B-00C04F79EFBC}") = "Model", "Model\Model.csproj", "{F025A892-1457-4802-ADBC-B24507D98214}"
EndProject
Global
	GlobalSection(SolutionConfigurationPlatforms) = preSolution
		Debug|Any CPU = Debug|Any CPU
		Release|Any CPU = Release|Any CPU
	EndGlobalSection
	GlobalSection(ProjectConfigurationPlatforms) = postSolution
		{358EDDB6-76DE-4B30-9B5B-D5F6AB865AB3}.Debug|Any CPU.ActiveCfg = Debug|Any CPU
		{358EDDB6-76DE-4B30-9B5B-D5F6AB865AB3}.Debug|Any CPU.Build.0 = Debug|Any CPU
		{358EDDB6-76DE-4B30-9B5B-D5F6AB865AB3}.Release|Any CPU.ActiveCfg = Release|Any CPU
		{358EDDB6-76DE-4B30-9B5B-D5F6AB865AB3}.Release|Any CPU.Build.0 = Release|Any CPU
		{F025A892-1457-4802-ADBC-B24507D98214}.Debug|Any CPU.ActiveCfg = Debug|Any CPU
		{F025A892-1457-4802-ADBC-B24507D98214}.Debug|Any CPU.Build.0 = Debug|Any CPU
		{F025A892-1457-4802-ADBC-B24507D98214}.Release|Any CPU.ActiveCfg = Release|Any CPU
		{F025A892-1457-4802-ADBC-B24507D98214}.Release|Any CPU.Build.0 = Release|Any CPU
	EndGlobalSection
	GlobalSection(SolutionProperties) = preSolution
		HideSolutionNode = FALSE
	EndGlobalSection
	GlobalSection(ExtensibilityGlobals) = postSolution
		SolutionGuid = {CAD967FB-BA45-49C8-95AE-8C0F0813AEB0}
	EndGlobalSection
EndGlobal
